# This file is auto-generated by Harn. Do not edit.

version = 5
generator_version = "0.10.135"
protocol_artifact_version = "0.10.135"

[[package]]
name = "harn-gitea-connector"
source = "git+https://github.com/burin-labs/harn-gitea-connector"
rev_request = "6e53bd7ac0f330f1f91f8fc04b35acce75756861"
commit = "6e53bd7ac0f330f1f91f8fc04b35acce75756861"
content_hash = "sha256-v2:82a4ca783834f295611d95a7eae703c3aee915ce2c5364cb74607650dbd12d6c"
package_version = "0.2.0"
harn_compat = ">=0.10.135,<0.11"
manifest_digest = "sha256:5b78378f92672e2692564351ba7ffa1da76eaaace0fea9cfd87c34b9cdf523df"

[[package.exports.modules]]
name = "default"
path = "src/lib.harn"

[[package.exports.modules]]
name = "git_forge"
path = "src/git_forge.harn"
