# This file is auto-generated by Harn. Do not edit.

version = 5
generator_version = "0.10.131"
protocol_artifact_version = "0.10.131"

[[package]]
name = "harn-gitea-connector"
source = "git+https://github.com/burin-labs/harn-gitea-connector"
rev_request = "2c8b0a06a73ad5e533395a598694b6bbf4306e99"
commit = "2c8b0a06a73ad5e533395a598694b6bbf4306e99"
content_hash = "sha256-v2:0b60729d973f8cd22c159e4adcdbcf17ef0f0fec92140be637ec9a9170595a47"
package_version = "0.2.0"
harn_compat = ">=0.10,<0.11"
manifest_digest = "sha256:a3b061282bda35f8099e16758c5f25ca2d54c90146b468e8f5a79c5765acdbd2"

[[package.exports.modules]]
name = "default"
path = "src/lib.harn"

[[package.exports.modules]]
name = "git_forge"
path = "src/git_forge.harn"
